
Microsoft Visual Studio Solution File, Format Version 12.00
# Visual Studio Version 16
VisualStudioVersion = 16.0.30523.141
MinimumVisualStudioVersion = 10.0.40219.1
Project("{FAE04EC0-301F-11D3-BF4B-00C04F79EFBC}") = "TheCompany", "TheCompany.csproj", "{02414283-E719-46CD-85C4-8802A19C762B}"
EndProject
Project("{2150E333-8FDC-42A3-9474-1A3956D46DE8}") = "API", "API", "{ED617CBD-863C-44F2-9055-656902E8A195}"
EndProject
Project("{2150E333-8FDC-42A3-9474-1A3956D46DE8}") = "BoundedContext", "BoundedContext", "{46F0C8D7-7BEE-4AF3-99CF-35BA92B4F207}"
EndProject
Project("{2150E333-8FDC-42A3-9474-1A3956D46DE8}") = "Base", "Base", "{1EDB0E2D-3023-40C9-BA44-8B8FC9461AD7}"
EndProject
Project("{2150E333-8FDC-42A3-9474-1A3956D46DE8}") = "Main", "Main", "{B520FCB2-58D6-4CBD-AF15-1D3548F24529}"
EndProject
Project("{FAE04EC0-301F-11D3-BF4B-00C04F79EFBC}") = "TheCompany.Base", "..\TheCompany.Base\TheCompany.Base.csproj", "{3F20D4DF-A770-4C8E-B05B-9AD6565F906E}"
EndProject
Project("{FAE04EC0-301F-11D3-BF4B-00C04F79EFBC}") = "TheCompany.Main.Data", "..\TheCompany.Main.Data\TheCompany.Main.Data.csproj", "{461E12A9-4588-4211-9C25-DD179DCB7BF6}"
EndProject
Project("{FAE04EC0-301F-11D3-BF4B-00C04F79EFBC}") = "TheCompany.Main.DTO", "..\TheCompany.Main.DTO\TheCompany.Main.DTO.csproj", "{F1705FC9-66A0-4FEF-99A2-7E26C72A7F96}"
EndProject
Project("{FAE04EC0-301F-11D3-BF4B-00C04F79EFBC}") = "TheCompany.Main.IData", "..\TheCompany.Main.IData\TheCompany.Main.IData.csproj", "{9BD8EA7A-C4EF-4B10-A8DB-B3E0A1D8D4CB}"
EndProject
Project("{2150E333-8FDC-42A3-9474-1A3956D46DE8}") = "Infrastructure", "Infrastructure", "{243FC5FF-9346-4584-B484-F978D161EB9A}"
EndProject
Project("{FAE04EC0-301F-11D3-BF4B-00C04F79EFBC}") = "TheCompany.Model", "..\TheCompany.Model\TheCompany.Model.csproj", "{8BDD53DC-841F-49A2-AAFB-8155700391A0}"
EndProject
Project("{FAE04EC0-301F-11D3-BF4B-00C04F79EFBC}") = "TheCompany.SQLServer", "..\TheCompany.SQLServer\TheCompany.SQLServer.csproj", "{51C5A7DD-E055-411C-BCF6-F5C985BFE8D5}"
EndProject
Global
	GlobalSection(SolutionConfigurationPlatforms) = preSolution
		Debug|Any CPU = Debug|Any CPU
		Release|Any CPU = Release|Any CPU
	EndGlobalSection
	GlobalSection(ProjectConfigurationPlatforms) = postSolution
		{02414283-E719-46CD-85C4-8802A19C762B}.Debug|Any CPU.ActiveCfg = Debug|Any CPU
		{02414283-E719-46CD-85C4-8802A19C762B}.Debug|Any CPU.Build.0 = Debug|Any CPU
		{02414283-E719-46CD-85C4-8802A19C762B}.Release|Any CPU.ActiveCfg = Release|Any CPU
		{02414283-E719-46CD-85C4-8802A19C762B}.Release|Any CPU.Build.0 = Release|Any CPU
		{3F20D4DF-A770-4C8E-B05B-9AD6565F906E}.Debug|Any CPU.ActiveCfg = Debug|Any CPU
		{3F20D4DF-A770-4C8E-B05B-9AD6565F906E}.Debug|Any CPU.Build.0 = Debug|Any CPU
		{3F20D4DF-A770-4C8E-B05B-9AD6565F906E}.Release|Any CPU.ActiveCfg = Release|Any CPU
		{3F20D4DF-A770-4C8E-B05B-9AD6565F906E}.Release|Any CPU.Build.0 = Release|Any CPU
		{461E12A9-4588-4211-9C25-DD179DCB7BF6}.Debug|Any CPU.ActiveCfg = Debug|Any CPU
		{461E12A9-4588-4211-9C25-DD179DCB7BF6}.Debug|Any CPU.Build.0 = Debug|Any CPU
		{461E12A9-4588-4211-9C25-DD179DCB7BF6}.Release|Any CPU.ActiveCfg = Release|Any CPU
		{461E12A9-4588-4211-9C25-DD179DCB7BF6}.Release|Any CPU.Build.0 = Release|Any CPU
		{F1705FC9-66A0-4FEF-99A2-7E26C72A7F96}.Debug|Any CPU.ActiveCfg = Debug|Any CPU
		{F1705FC9-66A0-4FEF-99A2-7E26C72A7F96}.Debug|Any CPU.Build.0 = Debug|Any CPU
		{F1705FC9-66A0-4FEF-99A2-7E26C72A7F96}.Release|Any CPU.ActiveCfg = Release|Any CPU
		{F1705FC9-66A0-4FEF-99A2-7E26C72A7F96}.Release|Any CPU.Build.0 = Release|Any CPU
		{9BD8EA7A-C4EF-4B10-A8DB-B3E0A1D8D4CB}.Debug|Any CPU.ActiveCfg = Debug|Any CPU
		{9BD8EA7A-C4EF-4B10-A8DB-B3E0A1D8D4CB}.Debug|Any CPU.Build.0 = Debug|Any CPU
		{9BD8EA7A-C4EF-4B10-A8DB-B3E0A1D8D4CB}.Release|Any CPU.ActiveCfg = Release|Any CPU
		{9BD8EA7A-C4EF-4B10-A8DB-B3E0A1D8D4CB}.Release|Any CPU.Build.0 = Release|Any CPU
		{8BDD53DC-841F-49A2-AAFB-8155700391A0}.Debug|Any CPU.ActiveCfg = Debug|Any CPU
		{8BDD53DC-841F-49A2-AAFB-8155700391A0}.Debug|Any CPU.Build.0 = Debug|Any CPU
		{8BDD53DC-841F-49A2-AAFB-8155700391A0}.Release|Any CPU.ActiveCfg = Release|Any CPU
		{8BDD53DC-841F-49A2-AAFB-8155700391A0}.Release|Any CPU.Build.0 = Release|Any CPU
		{51C5A7DD-E055-411C-BCF6-F5C985BFE8D5}.Debug|Any CPU.ActiveCfg = Debug|Any CPU
		{51C5A7DD-E055-411C-BCF6-F5C985BFE8D5}.Debug|Any CPU.Build.0 = Debug|Any CPU
		{51C5A7DD-E055-411C-BCF6-F5C985BFE8D5}.Release|Any CPU.ActiveCfg = Release|Any CPU
		{51C5A7DD-E055-411C-BCF6-F5C985BFE8D5}.Release|Any CPU.Build.0 = Release|Any CPU
	EndGlobalSection
	GlobalSection(SolutionProperties) = preSolution
		HideSolutionNode = FALSE
	EndGlobalSection
	GlobalSection(NestedProjects) = preSolution
		{02414283-E719-46CD-85C4-8802A19C762B} = {ED617CBD-863C-44F2-9055-656902E8A195}
		{1EDB0E2D-3023-40C9-BA44-8B8FC9461AD7} = {46F0C8D7-7BEE-4AF3-99CF-35BA92B4F207}
		{B520FCB2-58D6-4CBD-AF15-1D3548F24529} = {46F0C8D7-7BEE-4AF3-99CF-35BA92B4F207}
		{3F20D4DF-A770-4C8E-B05B-9AD6565F906E} = {1EDB0E2D-3023-40C9-BA44-8B8FC9461AD7}
		{461E12A9-4588-4211-9C25-DD179DCB7BF6} = {B520FCB2-58D6-4CBD-AF15-1D3548F24529}
		{F1705FC9-66A0-4FEF-99A2-7E26C72A7F96} = {B520FCB2-58D6-4CBD-AF15-1D3548F24529}
		{9BD8EA7A-C4EF-4B10-A8DB-B3E0A1D8D4CB} = {B520FCB2-58D6-4CBD-AF15-1D3548F24529}
		{8BDD53DC-841F-49A2-AAFB-8155700391A0} = {243FC5FF-9346-4584-B484-F978D161EB9A}
		{51C5A7DD-E055-411C-BCF6-F5C985BFE8D5} = {243FC5FF-9346-4584-B484-F978D161EB9A}
	EndGlobalSection
	GlobalSection(ExtensibilityGlobals) = postSolution
		SolutionGuid = {B71B21EB-984D-4FFF-9DF3-AEDC75C51304}
	EndGlobalSection
EndGlobal
